
Microsoft Visual Studio Solution File, Format Version 12.00
# Visual Studio Version 16
VisualStudioVersion = 16.0.30804.86
MinimumVisualStudioVersion = 10.0.40219.1
Project("{9A19103F-16F7-4668-BE54-9A1E7A4F7556}") = "MyActivityLogs", "MyActivityLogs.csproj", "{45DFE1A0-2870-42F4-B858-FF36FBB21FED}"
EndProject
Global
	GlobalSection(SolutionConfigurationPlatforms) = preSolution
		Debug|Any CPU = Debug|Any CPU
		Release|Any CPU = Release|Any CPU
	EndGlobalSection
	GlobalSection(ProjectConfigurationPlatforms) = postSolution
		{45DFE1A0-2870-42F4-B858-FF36FBB21FED}.Debug|Any CPU.ActiveCfg = Debug|Any CPU
		{45DFE1A0-2870-42F4-B858-FF36FBB21FED}.Debug|Any CPU.Build.0 = Debug|Any CPU
		{45DFE1A0-2870-42F4-B858-FF36FBB21FED}.Release|Any CPU.ActiveCfg = Release|Any CPU
		{45DFE1A0-2870-42F4-B858-FF36FBB21FED}.Release|Any CPU.Build.0 = Release|Any CPU
	EndGlobalSection
	GlobalSection(SolutionProperties) = preSolution
		HideSolutionNode = FALSE
	EndGlobalSection
	GlobalSection(ExtensibilityGlobals) = postSolution
		SolutionGuid = {9E10FE6D-FFC1-444A-AA47-E95B6FA04E0E}
	EndGlobalSection
EndGlobal
